// !$*UTF8*$!
{
	archiveVersion = 1;
	classes = {
	};
	objectVersion = 50;
	objects = {

/* Begin PBXBuildFile section */
		8DB2111224E8E096007DC488 /* AppDelegate.swift in Sources */ = {isa = PBXBuildFile; fileRef = 8DB2111124E8E096007DC488 /* AppDelegate.swift */; };
		8DB2111424E8E096007DC488 /* SceneDelegate.swift in Sources */ = {isa = PBXBuildFile; fileRef = 8DB2111324E8E096007DC488 /* SceneDelegate.swift */; };
		8DB2111624E8E096007DC488 /* ViewController.swift in Sources */ = {isa = PBXBuildFile; fileRef = 8DB2111524E8E096007DC488 /* ViewController.swift */; };
		8DB2111924E8E096007DC488 /* Main.storyboard in Resources */ = {isa = PBXBuildFile; fileRef = 8DB2111724E8E096007DC488 /* Main.storyboard */; };
		8DB2111B24E8E098007DC488 /* Assets.xcassets in Resources */ = {isa = PBXBuildFile; fileRef = 8DB2111A24E8E098007DC488 /* Assets.xcassets */; };
		8DB2111E24E8E098007DC488 /* LaunchScreen.storyboard in Resources */ = {isa = PBXBuildFile; fileRef = 8DB2111C24E8E098007DC488 /* LaunchScreen.storyboard */; };
		8DB2112924E8E1BE007DC488 /* Calc.swift in Sources */ = {isa = PBXBuildFile; fileRef = 8DB2112824E8E1BE007DC488 /* Calc.swift */; };
		8DB2112B24E8F986007DC488 /* StringPlus.swift in Sources */ = {isa = PBXBuildFile; fileRef = 8DB2112A24E8F986007DC488 /* StringPlus.swift */; };
/* End PBXBuildFile section */

/* Begin PBXFileReference section */
		8DB2110E24E8E096007DC488 /* MVCmodelLearning02.app */ = {isa = PBXFileReference; explicitFileType = wrapper.application; includeInIndex = 0; path = MVCmodelLearning02.app; sourceTree = BUILT_PRODUCTS_DIR; };
		8DB2111124E8E096007DC488 /* AppDelegate.swift */ = {isa = PBXFileReference; lastKnownFileType = sourcecode.swift; path = AppDelegate.swift; sourceTree = "<group>"; };
		8DB2111324E8E096007DC488 /* SceneDelegate.swift */ = {isa = PBXFileReference; lastKnownFileType = sourcecode.swift; path = SceneDelegate.swift; sourceTree = "<group>"; };
		8DB2111524E8E096007DC488 /* ViewController.swift */ = {isa = PBXFileReference; lastKnownFileType = sourcecode.swift; path = ViewController.swift; sourceTree = "<group>"; };
		8DB2111824E8E096007DC488 /* Base */ = {isa = PBXFileReference; lastKnownFileType = file.storyboard; name = Base; path = Base.lproj/Main.storyboard; sourceTree = "<group>"; };
		8DB2111A24E8E098007DC488 /* Assets.xcassets */ = {isa = PBXFileReference; lastKnownFileType = folder.assetcatalog; path = Assets.xcassets; sourceTree = "<group>"; };
		8DB2111D24E8E098007DC488 /* Base */ = {isa = PBXFileReference; lastKnownFileType = file.storyboard; name = Base; path = Base.lproj/LaunchScreen.storyboard; sourceTree = "<group>"; };
		8DB2111F24E8E098007DC488 /* Info.plist */ = {isa = PBXFileReference; lastKnownFileType = text.plist.xml; path = Info.plist; sourceTree = "<group>"; };
		8DB2112824E8E1BE007DC488 /* Calc.swift */ = {isa = PBXFileReference; lastKnownFileType = sourcecode.swift; path = Calc.swift; sourceTree = "<group>"; };
		8DB2112A24E8F986007DC488 /* StringPlus.swift */ = {isa = PBXFileReference; lastKnownFileType = sourcecode.swift; path = StringPlus.swift; sourceTree = "<group>"; };
/* End PBXFileReference section */

/* Begin PBXFrameworksBuildPhase section */
		8DB2110B24E8E096007DC488 /* Frameworks */ = {
			isa = PBXFrameworksBuildPhase;
			buildActionMask = 2147483647;
			files = (
			);
			runOnlyForDeploymentPostprocessing = 0;
		};
/* End PBXFrameworksBuildPhase section */

/* Begin PBXGroup section */
		8DB2110524E8E096007DC488 = {
			isa = PBXGroup;
			children = (
				8DB2111024E8E096007DC488 /* MVCmodelLearning02 */,
				8DB2110F24E8E096007DC488 /* Products */,
			);
			sourceTree = "<group>";
		};
		8DB2110F24E8E096007DC488 /* Products */ = {
			isa = PBXGroup;
			children = (
				8DB2110E24E8E096007DC488 /* MVCmodelLearning02.app */,
			);
			name = Products;
			sourceTree = "<group>";
		};
		8DB2111024E8E096007DC488 /* MVCmodelLearning02 */ = {
			isa = PBXGroup;
			children = (
				8DB2112724E8E10A007DC488 /* Model */,
				8DB2112624E8E0F9007DC488 /* View */,
				8DB2112524E8E0E3007DC488 /* Controller */,
				8DB2111F24E8E098007DC488 /* Info.plist */,
			);
			path = MVCmodelLearning02;
			sourceTree = "<group>";
		};
		8DB2112524E8E0E3007DC488 /* Controller */ = {
			isa = PBXGroup;
			children = (
				8DB2111124E8E096007DC488 /* AppDelegate.swift */,
				8DB2111524E8E096007DC488 /* ViewController.swift */,
			);
			path = Controller;
			sourceTree = "<group>";
		};
		8DB2112624E8E0F9007DC488 /* View */ = {
			isa = PBXGroup;
			children = (
				8DB2111324E8E096007DC488 /* SceneDelegate.swift */,
				8DB2111724E8E096007DC488 /* Main.storyboard */,
				8DB2111A24E8E098007DC488 /* Assets.xcassets */,
				8DB2111C24E8E098007DC488 /* LaunchScreen.storyboard */,
			);
			path = View;
			sourceTree = "<group>";
		};
		8DB2112724E8E10A007DC488 /* Model */ = {
			isa = PBXGroup;
			children = (
				8DB2112824E8E1BE007DC488 /* Calc.swift */,
				8DB2112A24E8F986007DC488 /* StringPlus.swift */,
			);
			path = Model;
			sourceTree = "<group>";
		};
/* End PBXGroup section */

/* Begin PBXNativeTarget section */
		8DB2110D24E8E096007DC488 /* MVCmodelLearning02 */ = {
			isa = PBXNativeTarget;
			buildConfigurationList = 8DB2112224E8E098007DC488 /* Build configuration list for PBXNativeTarget "MVCmodelLearning02" */;
			buildPhases = (
				8DB2110A24E8E096007DC488 /* Sources */,
				8DB2110B24E8E096007DC488 /* Frameworks */,
				8DB2110C24E8E096007DC488 /* Resources */,
			);
			buildRules = (
			);
			dependencies = (
			);
			name = MVCmodelLearning02;
			productName = MVCmodelLearning01;
			productReference = 8DB2110E24E8E096007DC488 /* MVCmodelLearning02.app */;
			productType = "com.apple.product-type.application";
		};
/* End PBXNativeTarget section */

/* Begin PBXProject section */
		8DB2110624E8E096007DC488 /* Project object */ = {
			isa = PBXProject;
			attributes = {
				LastSwiftUpdateCheck = 1160;
				LastUpgradeCheck = 1160;
				ORGANIZATIONNAME = "中塚富士雄";
				TargetAttributes = {
					8DB2110D24E8E096007DC488 = {
						CreatedOnToolsVersion = 11.6;
					};
				};
			};
			buildConfigurationList = 8DB2110924E8E096007DC488 /* Build configuration list for PBXProject "MVCmodelLearning02" */;
			compatibilityVersion = "Xcode 9.3";
			developmentRegion = en;
			hasScannedForEncodings = 0;
			knownRegions = (
				en,
				Base,
			);
			mainGroup = 8DB2110524E8E096007DC488;
			productRefGroup = 8DB2110F24E8E096007DC488 /* Products */;
			projectDirPath = "";
			projectRoot = "";
			targets = (
				8DB2110D24E8E096007DC488 /* MVCmodelLearning02 */,
			);
		};
/* End PBXProject section */

/* Begin PBXResourcesBuildPhase section */
		8DB2110C24E8E096007DC488 /* Resources */ = {
			isa = PBXResourcesBuildPhase;
			buildActionMask = 2147483647;
			files = (
				8DB2111E24E8E098007DC488 /* LaunchScreen.storyboard in Resources */,
				8DB2111B24E8E098007DC488 /* Assets.xcassets in Resources */,
				8DB2111924E8E096007DC488 /* Main.storyboard in Resources */,
			);
			runOnlyForDeploymentPostprocessing = 0;
		};
/* End PBXResourcesBuildPhase section */

/* Begin PBXSourcesBuildPhase section */
		8DB2110A24E8E096007DC488 /* Sources */ = {
			isa = PBXSourcesBuildPhase;
			buildActionMask = 2147483647;
			files = (
				8DB2112B24E8F986007DC488 /* StringPlus.swift in Sources */,
				8DB2112924E8E1BE007DC488 /* Calc.swift in Sources */,
				8DB2111624E8E096007DC488 /* ViewController.swift in Sources */,
				8DB2111224E8E096007DC488 /* AppDelegate.swift in Sources */,
				8DB2111424E8E096007DC488 /* SceneDelegate.swift in Sources */,
			);
			runOnlyForDeploymentPostprocessing = 0;
		};
/* End PBXSourcesBuildPhase section */

/* Begin PBXVariantGroup section */
		8DB2111724E8E096007DC488 /* Main.storyboard */ = {
			isa = PBXVariantGroup;
			children = (
				8DB2111824E8E096007DC488 /* Base */,
			);
			name = Main.storyboard;
			sourceTree = "<group>";
		};
		8DB2111C24E8E098007DC488 /* LaunchScreen.storyboard */ = {
			isa = PBXVariantGroup;
			children = (
				8DB2111D24E8E098007DC488 /* Base */,
			);
			name = LaunchScreen.storyboard;
			sourceTree = "<group>";
		};
/* End PBXVariantGroup section */

/* Begin XCBuildConfiguration section */
		8DB2112024E8E098007DC488 /* Debug */ = {
			isa = XCBuildConfiguration;
			buildSettings = {
				ALWAYS_SEARCH_USER_PATHS = NO;
				CLANG_ANALYZER_NONNULL = YES;
				CLANG_ANALYZER_NUMBER_OBJECT_CONVERSION = YES_AGGRESSIVE;
				CLANG_CXX_LANGUAGE_STANDARD = "gnu++14";
				CLANG_CXX_LIBRARY = "libc++";
				CLANG_ENABLE_MODULES = YES;
				CLANG_ENABLE_OBJC_ARC = YES;
				CLANG_ENABLE_OBJC_WEAK = YES;
				CLANG_WARN_BLOCK_CAPTURE_AUTORELEASING = YES;
				CLANG_WARN_BOOL_CONVERSION = YES;
				CLANG_WARN_COMMA = YES;
				CLANG_WARN_CONSTANT_CONVERSION = YES;
				CLANG_WARN_DEPRECATED_OBJC_IMPLEMENTATIONS = YES;
				CLANG_WARN_DIRECT_OBJC_ISA_USAGE = YES_ERROR;
				CLANG_WARN_DOCUMENTATION_COMMENTS = YES;
				CLANG_WARN_EMPTY_BODY = YES;
				CLANG_WARN_ENUM_CONVERSION = YES;
				CLANG_WARN_INFINITE_RECURSION = YES;
				CLANG_WARN_INT_CONVERSION = YES;
				CLANG_WARN_NON_LITERAL_NULL_CONVERSION = YES;
				CLANG_WARN_OBJC_IMPLICIT_RETAIN_SELF = YES;
				CLANG_WARN_OBJC_LITERAL_CONVERSION = YES;
				CLANG_WARN_OBJC_ROOT_CLASS = YES_ERROR;
				CLANG_WARN_RANGE_LOOP_ANALYSIS = YES;
				CLANG_WARN_STRICT_PROTOTYPES = YES;
				CLANG_WARN_SUSPICIOUS_MOVE = YES;
				CLANG_WARN_UNGUARDED_AVAILABILITY = YES_AGGRESSIVE;
				CLANG_WARN_UNREACHABLE_CODE = YES;
				CLANG_WARN__DUPLICATE_METHOD_MATCH = YES;
				COPY_PHASE_STRIP = NO;
				DEBUG_INFORMATION_FORMAT = dwarf;
				ENABLE_STRICT_OBJC_MSGSEND = YES;
				ENABLE_TESTABILITY = YES;
				GCC_C_LANGUAGE_STANDARD = gnu11;
				GCC_DYNAMIC_NO_PIC = NO;
				GCC_NO_COMMON_BLOCKS = YES;
				GCC_OPTIMIZATION_LEVEL = 0;
				GCC_PREPROCESSOR_DEFINITIONS = (
					"DEBUG=1",
					"$(inherited)",
				);
				GCC_WARN_64_TO_32_BIT_CONVERSION = YES;
				GCC_WARN_ABOUT_RETURN_TYPE = YES_ERROR;
				GCC_WARN_UNDECLARED_SELECTOR = YES;
				GCC_WARN_UNINITIALIZED_AUTOS = YES_AGGRESSIVE;
				GCC_WARN_UNUSED_FUNCTION = YES;
				GCC_WARN_UNUSED_VARIABLE = YES;
				IPHONEOS_DEPLOYMENT_TARGET = 13.6;
				MTL_ENABLE_DEBUG_INFO = INCLUDE_SOURCE;
				MTL_FAST_MATH = YES;
				ONLY_ACTIVE_ARCH = YES;
				SDKROOT = iphoneos;
				SWIFT_ACTIVE_COMPILATION_CONDITIONS = DEBUG;
				SWIFT_OPTIMIZATION_LEVEL = "-Onone";
			};
			name = Debug;
		};
		8DB2112124E8E098007DC488 /* Release */ = {
			isa = XCBuildConfiguration;
			buildSettings = {
				ALWAYS_SEARCH_USER_PATHS = NO;
				CLANG_ANALYZER_NONNULL = YES;
				CLANG_ANALYZER_NUMBER_OBJECT_CONVERSION = YES_AGGRESSIVE;
				CLANG_CXX_LANGUAGE_STANDARD = "gnu++14";
				CLANG_CXX_LIBRARY = "libc++";
				CLANG_ENABLE_MODULES = YES;
				CLANG_ENABLE_OBJC_ARC = YES;
				CLANG_ENABLE_OBJC_WEAK = YES;
				CLANG_WARN_BLOCK_CAPTURE_AUTORELEASING = YES;
				CLANG_WARN_BOOL_CONVERSION = YES;
				CLANG_WARN_COMMA = YES;
				CLANG_WARN_CONSTANT_CONVERSION = YES;
				CLANG_WARN_DEPRECATED_OBJC_IMPLEMENTATIONS = YES;
				CLANG_WARN_DIRECT_OBJC_ISA_USAGE = YES_ERROR;
				CLANG_WARN_DOCUMENTATION_COMMENTS = YES;
				CLANG_WARN_EMPTY_BODY = YES;
				CLANG_WARN_ENUM_CONVERSION = YES;
				CLANG_WARN_INFINITE_RECURSION = YES;
				CLANG_WARN_INT_CONVERSION = YES;
				CLANG_WARN_NON_LITERAL_NULL_CONVERSION = YES;
				CLANG_WARN_OBJC_IMPLICIT_RETAIN_SELF = YES;
				CLANG_WARN_OBJC_LITERAL_CONVERSION = YES;
				CLANG_WARN_OBJC_ROOT_CLASS = YES_ERROR;
				CLANG_WARN_RANGE_LOOP_ANALYSIS = YES;
				CLANG_WARN_STRICT_PROTOTYPES = YES;
				CLANG_WARN_SUSPICIOUS_MOVE = YES;
				CLANG_WARN_UNGUARDED_AVAILABILITY = YES_AGGRESSIVE;
				CLANG_WARN_UNREACHABLE_CODE = YES;
				CLANG_WARN__DUPLICATE_METHOD_MATCH = YES;
				COPY_PHASE_STRIP = NO;
				DEBUG_INFORMATION_FORMAT = "dwarf-with-dsym";
				ENABLE_NS_ASSERTIONS = NO;
				ENABLE_STRICT_OBJC_MSGSEND = YES;
				GCC_C_LANGUAGE_STANDARD = gnu11;
				GCC_NO_COMMON_BLOCKS = YES;
				GCC_WARN_64_TO_32_BIT_CONVERSION = YES;
				GCC_WARN_ABOUT_RETURN_TYPE = YES_ERROR;
				GCC_WARN_UNDECLARED_SELECTOR = YES;
				GCC_WARN_UNINITIALIZED_AUTOS = YES_AGGRESSIVE;
				GCC_WARN_UNUSED_FUNCTION = YES;
				GCC_WARN_UNUSED_VARIABLE = YES;
				IPHONEOS_DEPLOYMENT_TARGET = 13.6;
				MTL_ENABLE_DEBUG_INFO = NO;
				MTL_FAST_MATH = YES;
				SDKROOT = iphoneos;
				SWIFT_COMPILATION_MODE = wholemodule;
				SWIFT_OPTIMIZATION_LEVEL = "-O";
				VALIDATE_PRODUCT = YES;
			};
			name = Release;
		};
		8DB2112324E8E098007DC488 /* Debug */ = {
			isa = XCBuildConfiguration;
			buildSettings = {
				ASSETCATALOG_COMPILER_APPICON_NAME = AppIcon;
				CODE_SIGN_STYLE = Automatic;
				DEVELOPMENT_TEAM = XHN5S8Z76G;
				INFOPLIST_FILE = "$(SRCROOT)/MVCmodelLearning02/Info.plist";
				LD_RUNPATH_SEARCH_PATHS = (
					"$(inherited)",
					"@executable_path/Frameworks",
				);
				PRODUCT_BUNDLE_IDENTIFIER = com.nifty.cbm01799.MVCmodelLearning01;
				PRODUCT_NAME = MVCmodelLearning02;
				SWIFT_VERSION = 5.0;
				TARGETED_DEVICE_FAMILY = 1;
			};
			name = Debug;
		};
		8DB2112424E8E098007DC488 /* Release */ = {
			isa = XCBuildConfiguration;
			buildSettings = {
				ASSETCATALOG_COMPILER_APPICON_NAME = AppIcon;
				CODE_SIGN_STYLE = Automatic;
				DEVELOPMENT_TEAM = XHN5S8Z76G;
				INFOPLIST_FILE = "$(SRCROOT)/MVCmodelLearning02/Info.plist";
				LD_RUNPATH_SEARCH_PATHS = (
					"$(inherited)",
					"@executable_path/Frameworks",
				);
				PRODUCT_BUNDLE_IDENTIFIER = com.nifty.cbm01799.MVCmodelLearning01;
				PRODUCT_NAME = MVCmodelLearning02;
				SWIFT_VERSION = 5.0;
				TARGETED_DEVICE_FAMILY = 1;
			};
			name = Release;
		};
/* End XCBuildConfiguration section */

/* Begin XCConfigurationList section */
		8DB2110924E8E096007DC488 /* Build configuration list for PBXProject "MVCmodelLearning02" */ = {
			isa = XCConfigurationList;
			buildConfigurations = (
				8DB2112024E8E098007DC488 /* Debug */,
				8DB2112124E8E098007DC488 /* Release */,
			);
			defaultConfigurationIsVisible = 0;
			defaultConfigurationName = Release;
		};
		8DB2112224E8E098007DC488 /* Build configuration list for PBXNativeTarget "MVCmodelLearning02" */ = {
			isa = XCConfigurationList;
			buildConfigurations = (
				8DB2112324E8E098007DC488 /* Debug */,
				8DB2112424E8E098007DC488 /* Release */,
			);
			defaultConfigurationIsVisible = 0;
			defaultConfigurationName = Release;
		};
/* End XCConfigurationList section */
	};
	rootObject = 8DB2110624E8E096007DC488 /* Project object */;
}
